
Microsoft Visual Studio Solution File, Format Version 12.00
# Visual Studio 15
VisualStudioVersion = 15.0.28307.852
MinimumVisualStudioVersion = 10.0.40219.1
Project("{FAE04EC0-301F-11D3-BF4B-00C04F79EFBC}") = "Prototipat", "Splash\Prototipat.csproj", "{EEE974B7-1C72-442F-80B2-03AD5D14DCEB}"
EndProject
Global
	GlobalSection(SolutionConfigurationPlatforms) = preSolution
		Debug|Any CPU = Debug|Any CPU
		Release|Any CPU = Release|Any CPU
	EndGlobalSection
	GlobalSection(ProjectConfigurationPlatforms) = postSolution
		{EEE974B7-1C72-442F-80B2-03AD5D14DCEB}.Debug|Any CPU.ActiveCfg = Debug|Any CPU
		{EEE974B7-1C72-442F-80B2-03AD5D14DCEB}.Debug|Any CPU.Build.0 = Debug|Any CPU
		{EEE974B7-1C72-442F-80B2-03AD5D14DCEB}.Release|Any CPU.ActiveCfg = Release|Any CPU
		{EEE974B7-1C72-442F-80B2-03AD5D14DCEB}.Release|Any CPU.Build.0 = Release|Any CPU
	EndGlobalSection
	GlobalSection(SolutionProperties) = preSolution
		HideSolutionNode = FALSE
	EndGlobalSection
	GlobalSection(ExtensibilityGlobals) = postSolution
		SolutionGuid = {F6157490-B243-4D6A-A70F-C13F4885635C}
	EndGlobalSection
EndGlobal
